
Microsoft Visual Studio Solution File, Format Version 11.00
# Visual Studio 2010
Project("{FAE04EC0-301F-11D3-BF4B-00C04F79EFBC}") = "HSA.InfoSys.Logging", "HSA.InfoSys.Logging\HSA.InfoSys.Logging.csproj", "{3A43F6B7-10B3-4615-987F-0D9EE0024FD0}"
EndProject
Project("{FAE04EC0-301F-11D3-BF4B-00C04F79EFBC}") = "HSA.InfoSys.Gui", "HSA.InfoSys.Gui\HSA.InfoSys.Gui.csproj", "{0467DA3B-5D69-4B43-8A05-DEA7AEC42EC7}"
EndProject
Project("{2150E333-8FDC-42A3-9474-1A3956D46DE8}") = "3rdparty", "3rdparty", "{24B2F8A1-6F6B-4C90-B478-823802B88058}"
EndProject
Project("{FAE04EC0-301F-11D3-BF4B-00C04F79EFBC}") = "log4net.vs2010", "3rdparty\log4net-1.2.11\src\log4net.vs2010.csproj", "{181FE707-E161-4722-9F38-6AAAB6FAA106}"
EndProject
Project("{FAE04EC0-301F-11D3-BF4B-00C04F79EFBC}") = "NHibernate", "3rdparty\nhibernate-core\src\NHibernate\NHibernate.csproj", "{5909BFE7-93CF-4E5F-BE22-6293368AF01D}"
EndProject
Project("{FAE04EC0-301F-11D3-BF4B-00C04F79EFBC}") = "MySql.Data", "3rdparty\MySqlConnector-6.6.5\Source\MySql.Data\MySql.Data.csproj", "{E9DF5ED1-4CBD-4226-B931-9A51610AC14D}"
EndProject
Project("{FAE04EC0-301F-11D3-BF4B-00C04F79EFBC}") = "MySql.Web", "3rdparty\MySqlConnector-6.6.5\Source\MySql.Web\MySql.Web.csproj", "{C28B1166-1380-445D-AEC1-8A18B990DD18}"
EndProject
Project("{2150E333-8FDC-42A3-9474-1A3956D46DE8}") = "Testing", "Testing", "{00498417-018A-4998-BB85-611D00A083DE}"
EndProject
Project("{FAE04EC0-301F-11D3-BF4B-00C04F79EFBC}") = "HSA.InfoSys.WCFTesting", "HSA.InfoSys.WCFTesting\HSA.InfoSys.WCFTesting.csproj", "{AEF70B54-01F9-423B-B076-82C74BAE8114}"
	ProjectSection(ProjectDependencies) = postProject
		{874B2073-430C-42E7-B8F9-24DA95C9FD4E} = {874B2073-430C-42E7-B8F9-24DA95C9FD4E}
	EndProjectSection
EndProject
Project("{FAE04EC0-301F-11D3-BF4B-00C04F79EFBC}") = "HSA.InfoSys.DBTesting", "HSA.InfoSys.DBTesting\HSA.InfoSys.DBTesting.csproj", "{05EBF84F-3019-47BD-9875-361002279F5F}"
EndProject
Project("{FAE04EC0-301F-11D3-BF4B-00C04F79EFBC}") = "HSA.InfoSys.SolrTesting", "HSA.InfoSys.SolrTesting\HSA.InfoSys.SolrTesting.csproj", "{F1156DF1-8F6C-460F-A954-70FE547D2544}"
EndProject
Project("{FAE04EC0-301F-11D3-BF4B-00C04F79EFBC}") = "HSA.InfoSys.NutchTesting", "HSA.InfoSys.NutchTesting\HSA.InfoSys.NutchTesting.csproj", "{B0B9C8E9-CFF8-4693-A09E-1B72257C95BD}"
EndProject
Project("{2150E333-8FDC-42A3-9474-1A3956D46DE8}") = "Common", "Common", "{AF854771-0158-4DA4-8D8C-10AB069A855B}"
EndProject
Project("{FAE04EC0-301F-11D3-BF4B-00C04F79EFBC}") = "HSA.InfoSys.CrawlerService", "HSA.InfoSys.CrawlerService\HSA.InfoSys.CrawlerService.csproj", "{874B2073-430C-42E7-B8F9-24DA95C9FD4E}"
EndProject
Project("{FAE04EC0-301F-11D3-BF4B-00C04F79EFBC}") = "HSA.InfoSys.NetDataContractSerializer", "HSA.InfoSys.NetDataContractSerializer\HSA.InfoSys.NetDataContractSerializer.csproj", "{97BA15D7-661C-41EA-863A-AE5845D1F4E1}"
EndProject
Project("{FAE04EC0-301F-11D3-BF4B-00C04F79EFBC}") = "HSA.InfoSys.Services", "HSA.InfoSys.Services\HSA.InfoSys.Services.csproj", "{296042EB-5C08-417E-9F71-06230CED60A3}"
EndProject
Project("{FAE04EC0-301F-11D3-BF4B-00C04F79EFBC}") = "HSA.InfoSys.Exceptions", "HSA.InfoSys.Exceptions\HSA.InfoSys.Exceptions.csproj", "{6812F9DD-E01E-4AD7-BDF1-0CC6BC922DDF}"
EndProject
Project("{FAE04EC0-301F-11D3-BF4B-00C04F79EFBC}") = "Newtonsoft.Json.Net40", "3rdparty\Json50r6\Source\Src\Newtonsoft.Json\Newtonsoft.Json.Net40.csproj", "{A9AE40FF-1A21-414A-9FE7-3BE13644CC6D}"
EndProject
Project("{FAE04EC0-301F-11D3-BF4B-00C04F79EFBC}") = "HSA.InfoSys.Entities", "HSA.InfoSys.Entities\HSA.InfoSys.Entities.csproj", "{279878B9-7552-4F70-9B64-FDC1EFA82C86}"
EndProject
Project("{FAE04EC0-301F-11D3-BF4B-00C04F79EFBC}") = "Renci.SshNet", "3rdparty\Renci.SshNet\Renci.SshNet.csproj", "{2F5F8C90-0BD1-424F-997C-7BC6280919D1}"
EndProject
Project("{FAE04EC0-301F-11D3-BF4B-00C04F79EFBC}") = "HSA.InfoSys.Extensions", "HSA.InfoSys.Extensions\HSA.InfoSys.Extensions.csproj", "{6F367E89-F745-4B45-A863-EE8E50CFD9C9}"
EndProject
Project("{FAE04EC0-301F-11D3-BF4B-00C04F79EFBC}") = "HSA.InfoSys.CrawlerServiceController", "HSA.InfoSys.CrawlerServiceController\HSA.InfoSys.CrawlerServiceController.csproj", "{08C7D97A-2568-4930-B3FD-C3147DEC3893}"
EndProject
Global
	GlobalSection(SolutionConfigurationPlatforms) = preSolution
		Debug|Any CPU = Debug|Any CPU
		Debug|Mixed Platforms = Debug|Mixed Platforms
		Debug|x86 = Debug|x86
		Release|Any CPU = Release|Any CPU
		Release|Mixed Platforms = Release|Mixed Platforms
		Release|x86 = Release|x86
	EndGlobalSection
	GlobalSection(ProjectConfigurationPlatforms) = postSolution
		{3A43F6B7-10B3-4615-987F-0D9EE0024FD0}.Debug|Any CPU.ActiveCfg = Debug|Any CPU
		{3A43F6B7-10B3-4615-987F-0D9EE0024FD0}.Debug|Any CPU.Build.0 = Debug|Any CPU
		{3A43F6B7-10B3-4615-987F-0D9EE0024FD0}.Debug|Mixed Platforms.ActiveCfg = Debug|Any CPU
		{3A43F6B7-10B3-4615-987F-0D9EE0024FD0}.Debug|Mixed Platforms.Build.0 = Debug|Any CPU
		{3A43F6B7-10B3-4615-987F-0D9EE0024FD0}.Debug|x86.ActiveCfg = Debug|Any CPU
		{3A43F6B7-10B3-4615-987F-0D9EE0024FD0}.Debug|x86.Build.0 = Debug|Any CPU
		{3A43F6B7-10B3-4615-987F-0D9EE0024FD0}.Release|Any CPU.ActiveCfg = Release|Any CPU
		{3A43F6B7-10B3-4615-987F-0D9EE0024FD0}.Release|Any CPU.Build.0 = Release|Any CPU
		{3A43F6B7-10B3-4615-987F-0D9EE0024FD0}.Release|Mixed Platforms.ActiveCfg = Release|Any CPU
		{3A43F6B7-10B3-4615-987F-0D9EE0024FD0}.Release|Mixed Platforms.Build.0 = Release|Any CPU
		{3A43F6B7-10B3-4615-987F-0D9EE0024FD0}.Release|x86.ActiveCfg = Release|Any CPU
		{0467DA3B-5D69-4B43-8A05-DEA7AEC42EC7}.Debug|Any CPU.ActiveCfg = Debug|Any CPU
		{0467DA3B-5D69-4B43-8A05-DEA7AEC42EC7}.Debug|Any CPU.Build.0 = Debug|Any CPU
		{0467DA3B-5D69-4B43-8A05-DEA7AEC42EC7}.Debug|Mixed Platforms.ActiveCfg = Debug|Any CPU
		{0467DA3B-5D69-4B43-8A05-DEA7AEC42EC7}.Debug|Mixed Platforms.Build.0 = Debug|Any CPU
		{0467DA3B-5D69-4B43-8A05-DEA7AEC42EC7}.Debug|x86.ActiveCfg = Debug|Any CPU
		{0467DA3B-5D69-4B43-8A05-DEA7AEC42EC7}.Debug|x86.Build.0 = Debug|Any CPU
		{0467DA3B-5D69-4B43-8A05-DEA7AEC42EC7}.Release|Any CPU.ActiveCfg = Release|Any CPU
		{0467DA3B-5D69-4B43-8A05-DEA7AEC42EC7}.Release|Any CPU.Build.0 = Release|Any CPU
		{0467DA3B-5D69-4B43-8A05-DEA7AEC42EC7}.Release|Mixed Platforms.ActiveCfg = Release|Any CPU
		{0467DA3B-5D69-4B43-8A05-DEA7AEC42EC7}.Release|Mixed Platforms.Build.0 = Release|Any CPU
		{0467DA3B-5D69-4B43-8A05-DEA7AEC42EC7}.Release|x86.ActiveCfg = Release|Any CPU
		{181FE707-E161-4722-9F38-6AAAB6FAA106}.Debug|Any CPU.ActiveCfg = Debug|Any CPU
		{181FE707-E161-4722-9F38-6AAAB6FAA106}.Debug|Any CPU.Build.0 = Debug|Any CPU
		{181FE707-E161-4722-9F38-6AAAB6FAA106}.Debug|Mixed Platforms.ActiveCfg = Debug|Any CPU
		{181FE707-E161-4722-9F38-6AAAB6FAA106}.Debug|Mixed Platforms.Build.0 = Debug|Any CPU
		{181FE707-E161-4722-9F38-6AAAB6FAA106}.Debug|x86.ActiveCfg = Debug|Any CPU
		{181FE707-E161-4722-9F38-6AAAB6FAA106}.Debug|x86.Build.0 = Debug|Any CPU
		{181FE707-E161-4722-9F38-6AAAB6FAA106}.Release|Any CPU.ActiveCfg = Release|Any CPU
		{181FE707-E161-4722-9F38-6AAAB6FAA106}.Release|Any CPU.Build.0 = Release|Any CPU
		{181FE707-E161-4722-9F38-6AAAB6FAA106}.Release|Mixed Platforms.ActiveCfg = Release|Any CPU
		{181FE707-E161-4722-9F38-6AAAB6FAA106}.Release|Mixed Platforms.Build.0 = Release|Any CPU
		{181FE707-E161-4722-9F38-6AAAB6FAA106}.Release|x86.ActiveCfg = Release|Any CPU
		{5909BFE7-93CF-4E5F-BE22-6293368AF01D}.Debug|Any CPU.ActiveCfg = Debug|Any CPU
		{5909BFE7-93CF-4E5F-BE22-6293368AF01D}.Debug|Any CPU.Build.0 = Debug|Any CPU
		{5909BFE7-93CF-4E5F-BE22-6293368AF01D}.Debug|Mixed Platforms.ActiveCfg = Debug|Any CPU
		{5909BFE7-93CF-4E5F-BE22-6293368AF01D}.Debug|Mixed Platforms.Build.0 = Debug|Any CPU
		{5909BFE7-93CF-4E5F-BE22-6293368AF01D}.Debug|x86.ActiveCfg = Debug|Any CPU
		{5909BFE7-93CF-4E5F-BE22-6293368AF01D}.Debug|x86.Build.0 = Debug|Any CPU
		{5909BFE7-93CF-4E5F-BE22-6293368AF01D}.Release|Any CPU.ActiveCfg = Release|Any CPU
		{5909BFE7-93CF-4E5F-BE22-6293368AF01D}.Release|Any CPU.Build.0 = Release|Any CPU
		{5909BFE7-93CF-4E5F-BE22-6293368AF01D}.Release|Mixed Platforms.ActiveCfg = Release|Any CPU
		{5909BFE7-93CF-4E5F-BE22-6293368AF01D}.Release|Mixed Platforms.Build.0 = Release|Any CPU
		{5909BFE7-93CF-4E5F-BE22-6293368AF01D}.Release|x86.ActiveCfg = Release|Any CPU
		{E9DF5ED1-4CBD-4226-B931-9A51610AC14D}.Debug|Any CPU.ActiveCfg = Debug|Any CPU
		{E9DF5ED1-4CBD-4226-B931-9A51610AC14D}.Debug|Any CPU.Build.0 = Debug|Any CPU
		{E9DF5ED1-4CBD-4226-B931-9A51610AC14D}.Debug|Mixed Platforms.ActiveCfg = Debug|Any CPU
		{E9DF5ED1-4CBD-4226-B931-9A51610AC14D}.Debug|Mixed Platforms.Build.0 = Debug|Any CPU
		{E9DF5ED1-4CBD-4226-B931-9A51610AC14D}.Debug|x86.ActiveCfg = Debug|Any CPU
		{E9DF5ED1-4CBD-4226-B931-9A51610AC14D}.Debug|x86.Build.0 = Debug|Any CPU
		{E9DF5ED1-4CBD-4226-B931-9A51610AC14D}.Release|Any CPU.ActiveCfg = Release|Any CPU
		{E9DF5ED1-4CBD-4226-B931-9A51610AC14D}.Release|Any CPU.Build.0 = Release|Any CPU
		{E9DF5ED1-4CBD-4226-B931-9A51610AC14D}.Release|Mixed Platforms.ActiveCfg = Release|Any CPU
		{E9DF5ED1-4CBD-4226-B931-9A51610AC14D}.Release|Mixed Platforms.Build.0 = Release|Any CPU
		{E9DF5ED1-4CBD-4226-B931-9A51610AC14D}.Release|x86.ActiveCfg = Release|Any CPU
		{C28B1166-1380-445D-AEC1-8A18B990DD18}.Debug|Any CPU.ActiveCfg = Debug|Any CPU
		{C28B1166-1380-445D-AEC1-8A18B990DD18}.Debug|Any CPU.Build.0 = Debug|Any CPU
		{C28B1166-1380-445D-AEC1-8A18B990DD18}.Debug|Mixed Platforms.ActiveCfg = Debug|Any CPU
		{C28B1166-1380-445D-AEC1-8A18B990DD18}.Debug|Mixed Platforms.Build.0 = Debug|Any CPU
		{C28B1166-1380-445D-AEC1-8A18B990DD18}.Debug|x86.ActiveCfg = Debug|Any CPU
		{C28B1166-1380-445D-AEC1-8A18B990DD18}.Debug|x86.Build.0 = Debug|Any CPU
		{C28B1166-1380-445D-AEC1-8A18B990DD18}.Release|Any CPU.ActiveCfg = Release|Any CPU
		{C28B1166-1380-445D-AEC1-8A18B990DD18}.Release|Any CPU.Build.0 = Release|Any CPU
		{C28B1166-1380-445D-AEC1-8A18B990DD18}.Release|Mixed Platforms.ActiveCfg = Release|Any CPU
		{C28B1166-1380-445D-AEC1-8A18B990DD18}.Release|Mixed Platforms.Build.0 = Release|Any CPU
		{C28B1166-1380-445D-AEC1-8A18B990DD18}.Release|x86.ActiveCfg = Release|Any CPU
		{AEF70B54-01F9-423B-B076-82C74BAE8114}.Debug|Any CPU.ActiveCfg = Debug|Any CPU
		{AEF70B54-01F9-423B-B076-82C74BAE8114}.Debug|Any CPU.Build.0 = Debug|Any CPU
		{AEF70B54-01F9-423B-B076-82C74BAE8114}.Debug|Mixed Platforms.ActiveCfg = Debug|Any CPU
		{AEF70B54-01F9-423B-B076-82C74BAE8114}.Debug|Mixed Platforms.Build.0 = Debug|Any CPU
		{AEF70B54-01F9-423B-B076-82C74BAE8114}.Debug|x86.ActiveCfg = Debug|Any CPU
		{AEF70B54-01F9-423B-B076-82C74BAE8114}.Debug|x86.Build.0 = Debug|Any CPU
		{AEF70B54-01F9-423B-B076-82C74BAE8114}.Release|Any CPU.ActiveCfg = Release|Any CPU
		{AEF70B54-01F9-423B-B076-82C74BAE8114}.Release|Any CPU.Build.0 = Release|Any CPU
		{AEF70B54-01F9-423B-B076-82C74BAE8114}.Release|Mixed Platforms.ActiveCfg = Release|Any CPU
		{AEF70B54-01F9-423B-B076-82C74BAE8114}.Release|Mixed Platforms.Build.0 = Release|Any CPU
		{AEF70B54-01F9-423B-B076-82C74BAE8114}.Release|x86.ActiveCfg = Release|x86
		{AEF70B54-01F9-423B-B076-82C74BAE8114}.Release|x86.Build.0 = Release|x86
		{05EBF84F-3019-47BD-9875-361002279F5F}.Debug|Any CPU.ActiveCfg = Debug|Any CPU
		{05EBF84F-3019-47BD-9875-361002279F5F}.Debug|Any CPU.Build.0 = Debug|Any CPU
		{05EBF84F-3019-47BD-9875-361002279F5F}.Debug|Mixed Platforms.ActiveCfg = Debug|Any CPU
		{05EBF84F-3019-47BD-9875-361002279F5F}.Debug|Mixed Platforms.Build.0 = Debug|Any CPU
		{05EBF84F-3019-47BD-9875-361002279F5F}.Debug|x86.ActiveCfg = Debug|Any CPU
		{05EBF84F-3019-47BD-9875-361002279F5F}.Debug|x86.Build.0 = Debug|Any CPU
		{05EBF84F-3019-47BD-9875-361002279F5F}.Release|Any CPU.ActiveCfg = Release|Any CPU
		{05EBF84F-3019-47BD-9875-361002279F5F}.Release|Any CPU.Build.0 = Release|Any CPU
		{05EBF84F-3019-47BD-9875-361002279F5F}.Release|Mixed Platforms.ActiveCfg = Release|Any CPU
		{05EBF84F-3019-47BD-9875-361002279F5F}.Release|Mixed Platforms.Build.0 = Release|Any CPU
		{05EBF84F-3019-47BD-9875-361002279F5F}.Release|x86.ActiveCfg = Release|x86
		{05EBF84F-3019-47BD-9875-361002279F5F}.Release|x86.Build.0 = Release|x86
		{F1156DF1-8F6C-460F-A954-70FE547D2544}.Debug|Any CPU.ActiveCfg = Debug|Any CPU
		{F1156DF1-8F6C-460F-A954-70FE547D2544}.Debug|Any CPU.Build.0 = Debug|Any CPU
		{F1156DF1-8F6C-460F-A954-70FE547D2544}.Debug|Mixed Platforms.ActiveCfg = Debug|Any CPU
		{F1156DF1-8F6C-460F-A954-70FE547D2544}.Debug|Mixed Platforms.Build.0 = Debug|Any CPU
		{F1156DF1-8F6C-460F-A954-70FE547D2544}.Debug|x86.ActiveCfg = Debug|Any CPU
		{F1156DF1-8F6C-460F-A954-70FE547D2544}.Debug|x86.Build.0 = Debug|Any CPU
		{F1156DF1-8F6C-460F-A954-70FE547D2544}.Release|Any CPU.ActiveCfg = Release|Any CPU
		{F1156DF1-8F6C-460F-A954-70FE547D2544}.Release|Any CPU.Build.0 = Release|Any CPU
		{F1156DF1-8F6C-460F-A954-70FE547D2544}.Release|Mixed Platforms.ActiveCfg = Release|Any CPU
		{F1156DF1-8F6C-460F-A954-70FE547D2544}.Release|Mixed Platforms.Build.0 = Release|Any CPU
		{F1156DF1-8F6C-460F-A954-70FE547D2544}.Release|x86.ActiveCfg = Release|x86
		{F1156DF1-8F6C-460F-A954-70FE547D2544}.Release|x86.Build.0 = Release|x86
		{B0B9C8E9-CFF8-4693-A09E-1B72257C95BD}.Debug|Any CPU.ActiveCfg = Debug|Any CPU
		{B0B9C8E9-CFF8-4693-A09E-1B72257C95BD}.Debug|Any CPU.Build.0 = Debug|Any CPU
		{B0B9C8E9-CFF8-4693-A09E-1B72257C95BD}.Debug|Mixed Platforms.ActiveCfg = Debug|Any CPU
		{B0B9C8E9-CFF8-4693-A09E-1B72257C95BD}.Debug|Mixed Platforms.Build.0 = Debug|Any CPU
		{B0B9C8E9-CFF8-4693-A09E-1B72257C95BD}.Debug|x86.ActiveCfg = Debug|Any CPU
		{B0B9C8E9-CFF8-4693-A09E-1B72257C95BD}.Debug|x86.Build.0 = Debug|Any CPU
		{B0B9C8E9-CFF8-4693-A09E-1B72257C95BD}.Release|Any CPU.ActiveCfg = Release|Any CPU
		{B0B9C8E9-CFF8-4693-A09E-1B72257C95BD}.Release|Any CPU.Build.0 = Release|Any CPU
		{B0B9C8E9-CFF8-4693-A09E-1B72257C95BD}.Release|Mixed Platforms.ActiveCfg = Release|Any CPU
		{B0B9C8E9-CFF8-4693-A09E-1B72257C95BD}.Release|Mixed Platforms.Build.0 = Release|Any CPU
		{B0B9C8E9-CFF8-4693-A09E-1B72257C95BD}.Release|x86.ActiveCfg = Release|x86
		{B0B9C8E9-CFF8-4693-A09E-1B72257C95BD}.Release|x86.Build.0 = Release|x86
		{874B2073-430C-42E7-B8F9-24DA95C9FD4E}.Debug|Any CPU.ActiveCfg = Debug|Any CPU
		{874B2073-430C-42E7-B8F9-24DA95C9FD4E}.Debug|Any CPU.Build.0 = Debug|Any CPU
		{874B2073-430C-42E7-B8F9-24DA95C9FD4E}.Debug|Mixed Platforms.ActiveCfg = Debug|Any CPU
		{874B2073-430C-42E7-B8F9-24DA95C9FD4E}.Debug|Mixed Platforms.Build.0 = Debug|Any CPU
		{874B2073-430C-42E7-B8F9-24DA95C9FD4E}.Debug|x86.ActiveCfg = Debug|Any CPU
		{874B2073-430C-42E7-B8F9-24DA95C9FD4E}.Debug|x86.Build.0 = Debug|Any CPU
		{874B2073-430C-42E7-B8F9-24DA95C9FD4E}.Release|Any CPU.ActiveCfg = Release|Any CPU
		{874B2073-430C-42E7-B8F9-24DA95C9FD4E}.Release|Any CPU.Build.0 = Release|Any CPU
		{874B2073-430C-42E7-B8F9-24DA95C9FD4E}.Release|Mixed Platforms.ActiveCfg = Release|Any CPU
		{874B2073-430C-42E7-B8F9-24DA95C9FD4E}.Release|Mixed Platforms.Build.0 = Release|Any CPU
		{874B2073-430C-42E7-B8F9-24DA95C9FD4E}.Release|x86.ActiveCfg = Release|Any CPU
		{97BA15D7-661C-41EA-863A-AE5845D1F4E1}.Debug|Any CPU.ActiveCfg = Debug|Any CPU
		{97BA15D7-661C-41EA-863A-AE5845D1F4E1}.Debug|Any CPU.Build.0 = Debug|Any CPU
		{97BA15D7-661C-41EA-863A-AE5845D1F4E1}.Debug|Mixed Platforms.ActiveCfg = Debug|Any CPU
		{97BA15D7-661C-41EA-863A-AE5845D1F4E1}.Debug|Mixed Platforms.Build.0 = Debug|Any CPU
		{97BA15D7-661C-41EA-863A-AE5845D1F4E1}.Debug|x86.ActiveCfg = Debug|Any CPU
		{97BA15D7-661C-41EA-863A-AE5845D1F4E1}.Debug|x86.Build.0 = Debug|Any CPU
		{97BA15D7-661C-41EA-863A-AE5845D1F4E1}.Release|Any CPU.ActiveCfg = Release|Any CPU
		{97BA15D7-661C-41EA-863A-AE5845D1F4E1}.Release|Any CPU.Build.0 = Release|Any CPU
		{97BA15D7-661C-41EA-863A-AE5845D1F4E1}.Release|Mixed Platforms.ActiveCfg = Release|Any CPU
		{97BA15D7-661C-41EA-863A-AE5845D1F4E1}.Release|Mixed Platforms.Build.0 = Release|Any CPU
		{97BA15D7-661C-41EA-863A-AE5845D1F4E1}.Release|x86.ActiveCfg = Release|Any CPU
		{296042EB-5C08-417E-9F71-06230CED60A3}.Debug|Any CPU.ActiveCfg = Debug|Any CPU
		{296042EB-5C08-417E-9F71-06230CED60A3}.Debug|Any CPU.Build.0 = Debug|Any CPU
		{296042EB-5C08-417E-9F71-06230CED60A3}.Debug|Mixed Platforms.ActiveCfg = Debug|Any CPU
		{296042EB-5C08-417E-9F71-06230CED60A3}.Debug|Mixed Platforms.Build.0 = Debug|Any CPU
		{296042EB-5C08-417E-9F71-06230CED60A3}.Debug|x86.ActiveCfg = Debug|Any CPU
		{296042EB-5C08-417E-9F71-06230CED60A3}.Debug|x86.Build.0 = Debug|Any CPU
		{296042EB-5C08-417E-9F71-06230CED60A3}.Release|Any CPU.ActiveCfg = Release|Any CPU
		{296042EB-5C08-417E-9F71-06230CED60A3}.Release|Any CPU.Build.0 = Release|Any CPU
		{296042EB-5C08-417E-9F71-06230CED60A3}.Release|Mixed Platforms.ActiveCfg = Release|Any CPU
		{296042EB-5C08-417E-9F71-06230CED60A3}.Release|Mixed Platforms.Build.0 = Release|Any CPU
		{296042EB-5C08-417E-9F71-06230CED60A3}.Release|x86.ActiveCfg = Release|Any CPU
		{6812F9DD-E01E-4AD7-BDF1-0CC6BC922DDF}.Debug|Any CPU.ActiveCfg = Debug|Any CPU
		{6812F9DD-E01E-4AD7-BDF1-0CC6BC922DDF}.Debug|Any CPU.Build.0 = Debug|Any CPU
		{6812F9DD-E01E-4AD7-BDF1-0CC6BC922DDF}.Debug|Mixed Platforms.ActiveCfg = Debug|Any CPU
		{6812F9DD-E01E-4AD7-BDF1-0CC6BC922DDF}.Debug|Mixed Platforms.Build.0 = Debug|Any CPU
		{6812F9DD-E01E-4AD7-BDF1-0CC6BC922DDF}.Debug|x86.ActiveCfg = Debug|Any CPU
		{6812F9DD-E01E-4AD7-BDF1-0CC6BC922DDF}.Debug|x86.Build.0 = Debug|Any CPU
		{6812F9DD-E01E-4AD7-BDF1-0CC6BC922DDF}.Release|Any CPU.ActiveCfg = Release|Any CPU
		{6812F9DD-E01E-4AD7-BDF1-0CC6BC922DDF}.Release|Any CPU.Build.0 = Release|Any CPU
		{6812F9DD-E01E-4AD7-BDF1-0CC6BC922DDF}.Release|Mixed Platforms.ActiveCfg = Release|Any CPU
		{6812F9DD-E01E-4AD7-BDF1-0CC6BC922DDF}.Release|Mixed Platforms.Build.0 = Release|Any CPU
		{6812F9DD-E01E-4AD7-BDF1-0CC6BC922DDF}.Release|x86.ActiveCfg = Release|Any CPU
		{A9AE40FF-1A21-414A-9FE7-3BE13644CC6D}.Debug|Any CPU.ActiveCfg = Debug|Any CPU
		{A9AE40FF-1A21-414A-9FE7-3BE13644CC6D}.Debug|Any CPU.Build.0 = Debug|Any CPU
		{A9AE40FF-1A21-414A-9FE7-3BE13644CC6D}.Debug|Mixed Platforms.ActiveCfg = Debug|Any CPU
		{A9AE40FF-1A21-414A-9FE7-3BE13644CC6D}.Debug|Mixed Platforms.Build.0 = Debug|Any CPU
		{A9AE40FF-1A21-414A-9FE7-3BE13644CC6D}.Debug|x86.ActiveCfg = Debug|Any CPU
		{A9AE40FF-1A21-414A-9FE7-3BE13644CC6D}.Debug|x86.Build.0 = Debug|Any CPU
		{A9AE40FF-1A21-414A-9FE7-3BE13644CC6D}.Release|Any CPU.ActiveCfg = Release|Any CPU
		{A9AE40FF-1A21-414A-9FE7-3BE13644CC6D}.Release|Any CPU.Build.0 = Release|Any CPU
		{A9AE40FF-1A21-414A-9FE7-3BE13644CC6D}.Release|Mixed Platforms.ActiveCfg = Release|Any CPU
		{A9AE40FF-1A21-414A-9FE7-3BE13644CC6D}.Release|Mixed Platforms.Build.0 = Release|Any CPU
		{A9AE40FF-1A21-414A-9FE7-3BE13644CC6D}.Release|x86.ActiveCfg = Release|Any CPU
		{279878B9-7552-4F70-9B64-FDC1EFA82C86}.Debug|Any CPU.ActiveCfg = Debug|Any CPU
		{279878B9-7552-4F70-9B64-FDC1EFA82C86}.Debug|Any CPU.Build.0 = Debug|Any CPU
		{279878B9-7552-4F70-9B64-FDC1EFA82C86}.Debug|Mixed Platforms.ActiveCfg = Debug|Any CPU
		{279878B9-7552-4F70-9B64-FDC1EFA82C86}.Debug|Mixed Platforms.Build.0 = Debug|Any CPU
		{279878B9-7552-4F70-9B64-FDC1EFA82C86}.Debug|x86.ActiveCfg = Debug|Any CPU
		{279878B9-7552-4F70-9B64-FDC1EFA82C86}.Debug|x86.Build.0 = Debug|Any CPU
		{279878B9-7552-4F70-9B64-FDC1EFA82C86}.Release|Any CPU.ActiveCfg = Release|Any CPU
		{279878B9-7552-4F70-9B64-FDC1EFA82C86}.Release|Any CPU.Build.0 = Release|Any CPU
		{279878B9-7552-4F70-9B64-FDC1EFA82C86}.Release|Mixed Platforms.ActiveCfg = Release|Any CPU
		{279878B9-7552-4F70-9B64-FDC1EFA82C86}.Release|Mixed Platforms.Build.0 = Release|Any CPU
		{279878B9-7552-4F70-9B64-FDC1EFA82C86}.Release|x86.ActiveCfg = Release|Any CPU
		{2F5F8C90-0BD1-424F-997C-7BC6280919D1}.Debug|Any CPU.ActiveCfg = Debug|Any CPU
		{2F5F8C90-0BD1-424F-997C-7BC6280919D1}.Debug|Any CPU.Build.0 = Debug|Any CPU
		{2F5F8C90-0BD1-424F-997C-7BC6280919D1}.Debug|Mixed Platforms.ActiveCfg = Debug|Any CPU
		{2F5F8C90-0BD1-424F-997C-7BC6280919D1}.Debug|Mixed Platforms.Build.0 = Debug|Any CPU
		{2F5F8C90-0BD1-424F-997C-7BC6280919D1}.Debug|x86.ActiveCfg = Debug|Any CPU
		{2F5F8C90-0BD1-424F-997C-7BC6280919D1}.Release|Any CPU.ActiveCfg = Release|Any CPU
		{2F5F8C90-0BD1-424F-997C-7BC6280919D1}.Release|Any CPU.Build.0 = Release|Any CPU
		{2F5F8C90-0BD1-424F-997C-7BC6280919D1}.Release|Mixed Platforms.ActiveCfg = Release|Any CPU
		{2F5F8C90-0BD1-424F-997C-7BC6280919D1}.Release|Mixed Platforms.Build.0 = Release|Any CPU
		{2F5F8C90-0BD1-424F-997C-7BC6280919D1}.Release|x86.ActiveCfg = Release|Any CPU
		{6F367E89-F745-4B45-A863-EE8E50CFD9C9}.Debug|Any CPU.ActiveCfg = Debug|Any CPU
		{6F367E89-F745-4B45-A863-EE8E50CFD9C9}.Debug|Any CPU.Build.0 = Debug|Any CPU
		{6F367E89-F745-4B45-A863-EE8E50CFD9C9}.Debug|Mixed Platforms.ActiveCfg = Debug|Any CPU
		{6F367E89-F745-4B45-A863-EE8E50CFD9C9}.Debug|Mixed Platforms.Build.0 = Debug|Any CPU
		{6F367E89-F745-4B45-A863-EE8E50CFD9C9}.Debug|x86.ActiveCfg = Debug|Any CPU
		{6F367E89-F745-4B45-A863-EE8E50CFD9C9}.Release|Any CPU.ActiveCfg = Release|Any CPU
		{6F367E89-F745-4B45-A863-EE8E50CFD9C9}.Release|Any CPU.Build.0 = Release|Any CPU
		{6F367E89-F745-4B45-A863-EE8E50CFD9C9}.Release|Mixed Platforms.ActiveCfg = Release|Any CPU
		{6F367E89-F745-4B45-A863-EE8E50CFD9C9}.Release|Mixed Platforms.Build.0 = Release|Any CPU
		{6F367E89-F745-4B45-A863-EE8E50CFD9C9}.Release|x86.ActiveCfg = Release|Any CPU
		{08C7D97A-2568-4930-B3FD-C3147DEC3893}.Debug|Any CPU.ActiveCfg = Debug|x86
		{08C7D97A-2568-4930-B3FD-C3147DEC3893}.Debug|Mixed Platforms.ActiveCfg = Debug|x86
		{08C7D97A-2568-4930-B3FD-C3147DEC3893}.Debug|Mixed Platforms.Build.0 = Debug|x86
		{08C7D97A-2568-4930-B3FD-C3147DEC3893}.Debug|x86.ActiveCfg = Debug|x86
		{08C7D97A-2568-4930-B3FD-C3147DEC3893}.Debug|x86.Build.0 = Debug|x86
		{08C7D97A-2568-4930-B3FD-C3147DEC3893}.Release|Any CPU.ActiveCfg = Release|x86
		{08C7D97A-2568-4930-B3FD-C3147DEC3893}.Release|Mixed Platforms.ActiveCfg = Release|x86
		{08C7D97A-2568-4930-B3FD-C3147DEC3893}.Release|Mixed Platforms.Build.0 = Release|x86
		{08C7D97A-2568-4930-B3FD-C3147DEC3893}.Release|x86.ActiveCfg = Release|x86
		{08C7D97A-2568-4930-B3FD-C3147DEC3893}.Release|x86.Build.0 = Release|x86
	EndGlobalSection
	GlobalSection(SolutionProperties) = preSolution
		HideSolutionNode = FALSE
	EndGlobalSection
	GlobalSection(NestedProjects) = preSolution
		{3A43F6B7-10B3-4615-987F-0D9EE0024FD0} = {AF854771-0158-4DA4-8D8C-10AB069A855B}
		{97BA15D7-661C-41EA-863A-AE5845D1F4E1} = {AF854771-0158-4DA4-8D8C-10AB069A855B}
		{296042EB-5C08-417E-9F71-06230CED60A3} = {AF854771-0158-4DA4-8D8C-10AB069A855B}
		{6812F9DD-E01E-4AD7-BDF1-0CC6BC922DDF} = {AF854771-0158-4DA4-8D8C-10AB069A855B}
		{279878B9-7552-4F70-9B64-FDC1EFA82C86} = {AF854771-0158-4DA4-8D8C-10AB069A855B}
		{6F367E89-F745-4B45-A863-EE8E50CFD9C9} = {AF854771-0158-4DA4-8D8C-10AB069A855B}
		{181FE707-E161-4722-9F38-6AAAB6FAA106} = {24B2F8A1-6F6B-4C90-B478-823802B88058}
		{5909BFE7-93CF-4E5F-BE22-6293368AF01D} = {24B2F8A1-6F6B-4C90-B478-823802B88058}
		{E9DF5ED1-4CBD-4226-B931-9A51610AC14D} = {24B2F8A1-6F6B-4C90-B478-823802B88058}
		{C28B1166-1380-445D-AEC1-8A18B990DD18} = {24B2F8A1-6F6B-4C90-B478-823802B88058}
		{A9AE40FF-1A21-414A-9FE7-3BE13644CC6D} = {24B2F8A1-6F6B-4C90-B478-823802B88058}
		{2F5F8C90-0BD1-424F-997C-7BC6280919D1} = {24B2F8A1-6F6B-4C90-B478-823802B88058}
		{AEF70B54-01F9-423B-B076-82C74BAE8114} = {00498417-018A-4998-BB85-611D00A083DE}
		{05EBF84F-3019-47BD-9875-361002279F5F} = {00498417-018A-4998-BB85-611D00A083DE}
		{F1156DF1-8F6C-460F-A954-70FE547D2544} = {00498417-018A-4998-BB85-611D00A083DE}
		{B0B9C8E9-CFF8-4693-A09E-1B72257C95BD} = {00498417-018A-4998-BB85-611D00A083DE}
	EndGlobalSection
	GlobalSection(ExtensibilityGlobals) = postSolution
		VisualSVNWorkingCopyRoot = .
	EndGlobalSection
	GlobalSection(MonoDevelopProperties) = preSolution
		StartupItem = HSA.InfoSys.WebCrawler\HSA.InfoSys.WebCrawler.csproj
	EndGlobalSection
EndGlobal
