
Microsoft Visual Studio Solution File, Format Version 11.00
# Visual Studio 2010
Project("{FAE04EC0-301F-11D3-BF4B-00C04F79EFBC}") = "HSA.InfoSys.DBManager", "HSA.InfoSys.DBManager\HSA.InfoSys.DBManager.csproj", "{EF9F98BF-8C09-49B6-BB91-9C305FD7F592}"
EndProject
Project("{FAE04EC0-301F-11D3-BF4B-00C04F79EFBC}") = "HSA.InfoSys.WebCrawler", "HSA.InfoSys.WebCrawler\HSA.InfoSys.WebCrawler.csproj", "{874B2073-430C-42E7-B8F9-24DA95C9FD4E}"
	ProjectSection(ProjectDependencies) = postProject
		{EF9F98BF-8C09-49B6-BB91-9C305FD7F592} = {EF9F98BF-8C09-49B6-BB91-9C305FD7F592}
	EndProjectSection
EndProject
Project("{FAE04EC0-301F-11D3-BF4B-00C04F79EFBC}") = "HSA.InfoSys.Logging", "HSA.InfoSys.Logging\HSA.InfoSys.Logging.csproj", "{3A43F6B7-10B3-4615-987F-0D9EE0024FD0}"
EndProject
Project("{FAE04EC0-301F-11D3-BF4B-00C04F79EFBC}") = "HSA.InfoSys.Gui", "HSA.InfoSys.Gui\HSA.InfoSys.Gui.csproj", "{0467DA3B-5D69-4B43-8A05-DEA7AEC42EC7}"
EndProject
Global
	GlobalSection(SolutionConfigurationPlatforms) = preSolution
		Debug|Any CPU = Debug|Any CPU
		Release|Any CPU = Release|Any CPU
	EndGlobalSection
	GlobalSection(ProjectConfigurationPlatforms) = postSolution
		{EF9F98BF-8C09-49B6-BB91-9C305FD7F592}.Debug|Any CPU.ActiveCfg = Debug|Any CPU
		{EF9F98BF-8C09-49B6-BB91-9C305FD7F592}.Debug|Any CPU.Build.0 = Debug|Any CPU
		{EF9F98BF-8C09-49B6-BB91-9C305FD7F592}.Release|Any CPU.ActiveCfg = Release|Any CPU
		{EF9F98BF-8C09-49B6-BB91-9C305FD7F592}.Release|Any CPU.Build.0 = Release|Any CPU
		{874B2073-430C-42E7-B8F9-24DA95C9FD4E}.Debug|Any CPU.ActiveCfg = Debug|Any CPU
		{874B2073-430C-42E7-B8F9-24DA95C9FD4E}.Debug|Any CPU.Build.0 = Debug|Any CPU
		{874B2073-430C-42E7-B8F9-24DA95C9FD4E}.Release|Any CPU.ActiveCfg = Release|Any CPU
		{874B2073-430C-42E7-B8F9-24DA95C9FD4E}.Release|Any CPU.Build.0 = Release|Any CPU
		{3A43F6B7-10B3-4615-987F-0D9EE0024FD0}.Debug|Any CPU.ActiveCfg = Debug|Any CPU
		{3A43F6B7-10B3-4615-987F-0D9EE0024FD0}.Debug|Any CPU.Build.0 = Debug|Any CPU
		{3A43F6B7-10B3-4615-987F-0D9EE0024FD0}.Release|Any CPU.ActiveCfg = Release|Any CPU
		{3A43F6B7-10B3-4615-987F-0D9EE0024FD0}.Release|Any CPU.Build.0 = Release|Any CPU
		{0467DA3B-5D69-4B43-8A05-DEA7AEC42EC7}.Debug|Any CPU.ActiveCfg = Debug|Any CPU
		{0467DA3B-5D69-4B43-8A05-DEA7AEC42EC7}.Debug|Any CPU.Build.0 = Debug|Any CPU
		{0467DA3B-5D69-4B43-8A05-DEA7AEC42EC7}.Release|Any CPU.ActiveCfg = Release|Any CPU
		{0467DA3B-5D69-4B43-8A05-DEA7AEC42EC7}.Release|Any CPU.Build.0 = Release|Any CPU
	EndGlobalSection
	GlobalSection(SolutionProperties) = preSolution
		HideSolutionNode = FALSE
	EndGlobalSection
	GlobalSection(ExtensibilityGlobals) = postSolution
		VisualSVNWorkingCopyRoot = .
	EndGlobalSection
EndGlobal
